PODS:
  - Alamofire (4.9.1)
  - Realm (10.5.0):
    - Realm/Headers (= 10.5.0)
  - Realm/Headers (10.5.0)
  - SwiftyJSON (4.3.0)

DEPENDENCIES:
  - Alamofire
  - Realm
  - SwiftyJSON (~> 4.0)

SPEC REPOS:
  trunk:
    - Alamofire
    - Realm
    - SwiftyJSON

SPEC CHECKSUMS:
  Alamofire: 85e8a02c69d6020a0d734f6054870d7ecb75cf18
  Realm: e1c22c3d83b229afb70ebc10e1771c91e9542d12
  SwiftyJSON: 6faa0040f8b59dead0ee07436cbf76b73c08fd08

PODFILE CHECKSUM: 1d26caf6d82b502469c632b18abc7a021da8f2f4

COCOAPODS: 1.10.0
